
Microsoft Visual Studio Solution File, Format Version 12.00
# Visual Studio Version 17
VisualStudioVersion = 17.0.31903.59
MinimumVisualStudioVersion = 10.0.40219.1
Project("{FAE04EC0-301F-11D3-BF4B-00C04F79EFBC}") = "PhantasmaPhoenix.Core", "PhantasmaPhoenix.Core\PhantasmaPhoenix.Core.csproj", "{7E6390B7-4D30-4721-8D73-95F6DFC2B4D0}"
EndProject
Project("{FAE04EC0-301F-11D3-BF4B-00C04F79EFBC}") = "PhantasmaPhoenix.Cryptography", "PhantasmaPhoenix.Cryptography\PhantasmaPhoenix.Cryptography.csproj", "{4C99E302-DB5C-4FC3-9D38-0A685CF76350}"
EndProject
Project("{FAE04EC0-301F-11D3-BF4B-00C04F79EFBC}") = "PhantasmaPhoenix.Protocol", "PhantasmaPhoenix.Protocol\PhantasmaPhoenix.Protocol.csproj", "{38C52491-6892-45A7-B713-945D74901D74}"
EndProject
Project("{FAE04EC0-301F-11D3-BF4B-00C04F79EFBC}") = "PhantasmaPhoenix.VM", "PhantasmaPhoenix.VM\PhantasmaPhoenix.VM.csproj", "{43FEB240-9265-46BF-9DD5-62DC896D3AC3}"
EndProject
Project("{FAE04EC0-301F-11D3-BF4B-00C04F79EFBC}") = "PhantasmaPhoenix.Cryptography.Legacy", "PhantasmaPhoenix.Cryptography.Legacy\PhantasmaPhoenix.Cryptography.Legacy.csproj", "{97712AD0-2079-443E-A815-1134FC0E4BBA}"
EndProject
Project("{FAE04EC0-301F-11D3-BF4B-00C04F79EFBC}") = "PhantasmaPhoenix.InteropChains.Legacy", "PhantasmaPhoenix.InteropChains.Legacy\PhantasmaPhoenix.InteropChains.Legacy.csproj", "{368E6CD3-B960-47F0-BEA2-84CA30D944A4}"
EndProject
Project("{FAE04EC0-301F-11D3-BF4B-00C04F79EFBC}") = "PhantasmaPhoenix.RPC", "PhantasmaPhoenix.RPC\PhantasmaPhoenix.RPC.csproj", "{9E1905C5-7DB3-44CD-822F-3EA5F74038DD}"
EndProject
Project("{FAE04EC0-301F-11D3-BF4B-00C04F79EFBC}") = "PhantasmaPhoenix.Link", "PhantasmaPhoenix.Link\PhantasmaPhoenix.Link.csproj", "{8D60D2B9-F42C-4A3C-BD0C-4C04909D75BA}"
EndProject
Project("{FAE04EC0-301F-11D3-BF4B-00C04F79EFBC}") = "PhantasmaPhoenix.NFT", "PhantasmaPhoenix.NFT\PhantasmaPhoenix.NFT.csproj", "{EC658218-295C-43F8-B9EB-C565E19B126C}"
EndProject
Project("{FAE04EC0-301F-11D3-BF4B-00C04F79EFBC}") = "Examples", "Examples\Examples.csproj", "{6F21682F-0E13-4648-86C6-14D77CF8F28C}"
EndProject
Project("{FAE04EC0-301F-11D3-BF4B-00C04F79EFBC}") = "PhantasmaPhoenix.Protocol.Carbon", "PhantasmaPhoenix.Protocol.Carbon\PhantasmaPhoenix.Protocol.Carbon.csproj", "{07034FD4-33C4-4314-8B3C-AAD392DD85C5}"
EndProject
Project("{FAE04EC0-301F-11D3-BF4B-00C04F79EFBC}") = "TestDataGenerator", "TestDataGenerator\TestDataGenerator.csproj", "{D9FA27B3-E917-4E8F-9A33-E7927C1C27FB}"
EndProject
Project("{2150E333-8FDC-42A3-9474-1A3956D46DE8}") = "Tests", "Tests", "{A8C485D7-952E-4CF9-9CC8-4E4334E5DE05}"
EndProject
Project("{FAE04EC0-301F-11D3-BF4B-00C04F79EFBC}") = "PhantasmaPhoenix.Protocol.Carbon.Tests", "Tests\PhantasmaPhoenix.Protocol.Carbon.Tests\PhantasmaPhoenix.Protocol.Carbon.Tests.csproj", "{BBCBC3BF-D948-4E40-86C0-3E8F4C5CE95D}"
EndProject
Global
	GlobalSection(SolutionConfigurationPlatforms) = preSolution
		Debug|Any CPU = Debug|Any CPU
		Release|Any CPU = Release|Any CPU
	EndGlobalSection
	GlobalSection(SolutionProperties) = preSolution
		HideSolutionNode = FALSE
	EndGlobalSection
	GlobalSection(ProjectConfigurationPlatforms) = postSolution
		{7E6390B7-4D30-4721-8D73-95F6DFC2B4D0}.Debug|Any CPU.ActiveCfg = Debug|Any CPU
		{7E6390B7-4D30-4721-8D73-95F6DFC2B4D0}.Debug|Any CPU.Build.0 = Debug|Any CPU
		{7E6390B7-4D30-4721-8D73-95F6DFC2B4D0}.Release|Any CPU.ActiveCfg = Release|Any CPU
		{7E6390B7-4D30-4721-8D73-95F6DFC2B4D0}.Release|Any CPU.Build.0 = Release|Any CPU
		{4C99E302-DB5C-4FC3-9D38-0A685CF76350}.Debug|Any CPU.ActiveCfg = Debug|Any CPU
		{4C99E302-DB5C-4FC3-9D38-0A685CF76350}.Debug|Any CPU.Build.0 = Debug|Any CPU
		{4C99E302-DB5C-4FC3-9D38-0A685CF76350}.Release|Any CPU.ActiveCfg = Release|Any CPU
		{4C99E302-DB5C-4FC3-9D38-0A685CF76350}.Release|Any CPU.Build.0 = Release|Any CPU
		{38C52491-6892-45A7-B713-945D74901D74}.Debug|Any CPU.ActiveCfg = Debug|Any CPU
		{38C52491-6892-45A7-B713-945D74901D74}.Debug|Any CPU.Build.0 = Debug|Any CPU
		{38C52491-6892-45A7-B713-945D74901D74}.Release|Any CPU.ActiveCfg = Release|Any CPU
		{38C52491-6892-45A7-B713-945D74901D74}.Release|Any CPU.Build.0 = Release|Any CPU
		{43FEB240-9265-46BF-9DD5-62DC896D3AC3}.Debug|Any CPU.ActiveCfg = Debug|Any CPU
		{43FEB240-9265-46BF-9DD5-62DC896D3AC3}.Debug|Any CPU.Build.0 = Debug|Any CPU
		{43FEB240-9265-46BF-9DD5-62DC896D3AC3}.Release|Any CPU.ActiveCfg = Release|Any CPU
		{43FEB240-9265-46BF-9DD5-62DC896D3AC3}.Release|Any CPU.Build.0 = Release|Any CPU
		{97712AD0-2079-443E-A815-1134FC0E4BBA}.Debug|Any CPU.ActiveCfg = Debug|Any CPU
		{97712AD0-2079-443E-A815-1134FC0E4BBA}.Debug|Any CPU.Build.0 = Debug|Any CPU
		{97712AD0-2079-443E-A815-1134FC0E4BBA}.Release|Any CPU.ActiveCfg = Release|Any CPU
		{97712AD0-2079-443E-A815-1134FC0E4BBA}.Release|Any CPU.Build.0 = Release|Any CPU
		{368E6CD3-B960-47F0-BEA2-84CA30D944A4}.Debug|Any CPU.ActiveCfg = Debug|Any CPU
		{368E6CD3-B960-47F0-BEA2-84CA30D944A4}.Debug|Any CPU.Build.0 = Debug|Any CPU
		{368E6CD3-B960-47F0-BEA2-84CA30D944A4}.Release|Any CPU.ActiveCfg = Release|Any CPU
		{368E6CD3-B960-47F0-BEA2-84CA30D944A4}.Release|Any CPU.Build.0 = Release|Any CPU
		{9E1905C5-7DB3-44CD-822F-3EA5F74038DD}.Debug|Any CPU.ActiveCfg = Debug|Any CPU
		{9E1905C5-7DB3-44CD-822F-3EA5F74038DD}.Debug|Any CPU.Build.0 = Debug|Any CPU
		{9E1905C5-7DB3-44CD-822F-3EA5F74038DD}.Release|Any CPU.ActiveCfg = Release|Any CPU
		{9E1905C5-7DB3-44CD-822F-3EA5F74038DD}.Release|Any CPU.Build.0 = Release|Any CPU
		{8D60D2B9-F42C-4A3C-BD0C-4C04909D75BA}.Debug|Any CPU.ActiveCfg = Debug|Any CPU
		{8D60D2B9-F42C-4A3C-BD0C-4C04909D75BA}.Debug|Any CPU.Build.0 = Debug|Any CPU
		{8D60D2B9-F42C-4A3C-BD0C-4C04909D75BA}.Release|Any CPU.ActiveCfg = Release|Any CPU
		{8D60D2B9-F42C-4A3C-BD0C-4C04909D75BA}.Release|Any CPU.Build.0 = Release|Any CPU
		{EC658218-295C-43F8-B9EB-C565E19B126C}.Debug|Any CPU.ActiveCfg = Debug|Any CPU
		{EC658218-295C-43F8-B9EB-C565E19B126C}.Debug|Any CPU.Build.0 = Debug|Any CPU
		{EC658218-295C-43F8-B9EB-C565E19B126C}.Release|Any CPU.ActiveCfg = Release|Any CPU
		{EC658218-295C-43F8-B9EB-C565E19B126C}.Release|Any CPU.Build.0 = Release|Any CPU
		{6F21682F-0E13-4648-86C6-14D77CF8F28C}.Debug|Any CPU.ActiveCfg = Debug|Any CPU
		{6F21682F-0E13-4648-86C6-14D77CF8F28C}.Debug|Any CPU.Build.0 = Debug|Any CPU
		{6F21682F-0E13-4648-86C6-14D77CF8F28C}.Release|Any CPU.ActiveCfg = Release|Any CPU
		{6F21682F-0E13-4648-86C6-14D77CF8F28C}.Release|Any CPU.Build.0 = Release|Any CPU
		{07034FD4-33C4-4314-8B3C-AAD392DD85C5}.Debug|Any CPU.ActiveCfg = Debug|Any CPU
		{07034FD4-33C4-4314-8B3C-AAD392DD85C5}.Debug|Any CPU.Build.0 = Debug|Any CPU
		{07034FD4-33C4-4314-8B3C-AAD392DD85C5}.Release|Any CPU.ActiveCfg = Release|Any CPU
		{07034FD4-33C4-4314-8B3C-AAD392DD85C5}.Release|Any CPU.Build.0 = Release|Any CPU
		{D9FA27B3-E917-4E8F-9A33-E7927C1C27FB}.Debug|Any CPU.ActiveCfg = Debug|Any CPU
		{D9FA27B3-E917-4E8F-9A33-E7927C1C27FB}.Debug|Any CPU.Build.0 = Debug|Any CPU
		{D9FA27B3-E917-4E8F-9A33-E7927C1C27FB}.Release|Any CPU.ActiveCfg = Release|Any CPU
		{D9FA27B3-E917-4E8F-9A33-E7927C1C27FB}.Release|Any CPU.Build.0 = Release|Any CPU
		{BBCBC3BF-D948-4E40-86C0-3E8F4C5CE95D}.Debug|Any CPU.ActiveCfg = Debug|Any CPU
		{BBCBC3BF-D948-4E40-86C0-3E8F4C5CE95D}.Debug|Any CPU.Build.0 = Debug|Any CPU
		{BBCBC3BF-D948-4E40-86C0-3E8F4C5CE95D}.Release|Any CPU.ActiveCfg = Release|Any CPU
		{BBCBC3BF-D948-4E40-86C0-3E8F4C5CE95D}.Release|Any CPU.Build.0 = Release|Any CPU
	EndGlobalSection
	GlobalSection(NestedProjects) = preSolution
		{BBCBC3BF-D948-4E40-86C0-3E8F4C5CE95D} = {A8C485D7-952E-4CF9-9CC8-4E4334E5DE05}
	EndGlobalSection
EndGlobal
